{
  "version": 4,
  "terraform_version": "1.12.2",
  "serial": 10,
  "lineage": "eedaf595-60c2-d300-2680-b4ba89c99ace",
  "outputs": {
    "server_id": {
      "value": "66122465",
      "type": "string"
    },
    "server_ip": {
      "value": "178.156.191.47",
      "type": "string"
    }
  },
  "resources": [
    {
      "mode": "managed",
      "type": "hcloud_firewall",
      "name": "web",
      "provider": "provider[\"registry.terraform.io/hetznercloud/hcloud\"]",
      "instances": [
        {
          "schema_version": 0,
          "attributes": {
            "apply_to": [],
            "id": "2215108",
            "labels": {},
            "name": "devpush-web",
            "rule": [
              {
                "description": "",
                "destination_ips": [],
                "direction": "in",
                "port": "22",
                "protocol": "tcp",
                "source_ips": [
                  "0.0.0.0/0"
                ]
              },
              {
                "description": "",
                "destination_ips": [],
                "direction": "in",
                "port": "443",
                "protocol": "tcp",
                "source_ips": [
                  "0.0.0.0/0"
                ]
              },
              {
                "description": "",
                "destination_ips": [],
                "direction": "in",
                "port": "80",
                "protocol": "tcp",
                "source_ips": [
                  "0.0.0.0/0"
                ]
              }
            ]
          },
          "sensitive_attributes": [],
          "identity_schema_version": 0,
          "private": "bnVsbA=="
        }
      ]
    },
    {
      "mode": "managed",
      "type": "hcloud_server",
      "name": "devpush",
      "provider": "provider[\"registry.terraform.io/hetznercloud/hcloud\"]",
      "instances": [
        {
          "schema_version": 0,
          "attributes": {
            "allow_deprecated_images": false,
            "backup_window": "02-06",
            "backups": true,
            "datacenter": "ash-dc1",
            "delete_protection": false,
            "firewall_ids": [
              2215108
            ],
            "id": "66122465",
            "ignore_remote_firewall_ids": false,
            "image": "ubuntu-22.04",
            "ipv4_address": "178.156.191.47",
            "ipv6_address": "2a01:4ff:f0:fe54::1",
            "ipv6_network": "2a01:4ff:f0:fe54::/64",
            "iso": null,
            "keep_disk": false,
            "labels": null,
            "location": "ash",
            "name": "devpush-prod-us1",
            "network": [],
            "placement_group_id": 0,
            "primary_disk_size": 160,
            "public_net": [],
            "rebuild_protection": false,
            "rescue": null,
            "server_type": "cpx31",
            "shutdown_before_deletion": false,
            "ssh_keys": [
              "29867023"
            ],
            "status": "running",
            "timeouts": null,
            "user_data": null
          },
          "sensitive_attributes": [],
          "identity_schema_version": 0,
          "private": "eyJlMmJmYjczMC1lY2FhLTExZTYtOGY4OC0zNDM2M2JjN2M0YzAiOnsiY3JlYXRlIjo1NDAwMDAwMDAwMDAwfX0=",
          "dependencies": [
            "hcloud_firewall.web",
            "hcloud_ssh_key.deploy"
          ]
        }
      ]
    },
    {
      "mode": "managed",
      "type": "hcloud_ssh_key",
      "name": "deploy",
      "provider": "provider[\"registry.terraform.io/hetznercloud/hcloud\"]",
      "instances": [
        {
          "schema_version": 0,
          "attributes": {
            "fingerprint": "37:77:c1:f7:ac:c1:9b:ab:2d:65:d4:03:9c:f4:0c:58",
            "id": "29867023",
            "labels": {},
            "name": "devpush-deploy",
            "public_key": "ssh-rsa AAAAB3NzaC1yc2EAAAADAQABAAACAQDU6qFoRolz265QAOCLsEM1UY+2I7uEUvzT7/i3Y38rMm6u11vnNNmlgJByFsJadGuJ1buFPlsIqLDpqNkc0pIlHrfS0M4/oiYEscZ7MrXJqVg1Wo7jj2sTKKn/leqwAd8w+dgyYQ2KuWWxDd366fwHLlMFksJX11FUt9Fmtlcbn8YOhkY0YaCm0n2AvU0eaqe23W+5c/eOf45lsO2SxS+TYuWrVgXyU1NWHBeY/5f2fNVEmxyy3uJBnmsZbRR9t3JVsiuHpykXijzAUfG4OFTQhQZdwHgFAjoSxCziTu4eaDYJkKAjONz6mNmHQi5PBn4CYef2z8dBfU33Qy1ysgp4efHV3X24H0kH0wfnn9ALG0ZXJL78kg3HwNpKmzx04oIcWB+jJ8RHQLAqsMLnVGwYtWt8vnbQilRpb/swBO3bKq4AOdWurdvyTyOTxKLQATNf5wmdfvUICKo8oufoQsgWgZv3G090pgNefL/KmArYZHd2I+2CblLBlHPeVP94h/Y6dwZMDAo9mt07reGyVqtvsODeokmvBycz2Dw+mnosfSloIatzx7wMtQdgcJxDn6tbMSNe+sjJ3OPehMLv1/02qQrMx3SVwWEreDMiVyH6qMIxyn0pOQNrT4GUWJk10CrzGlwJ7QbnmSqbEqHUGIqGNz1OPDhqtNf2YGCtkvaIjw== hunvreus@gmail.com\n"
          },
          "sensitive_attributes": [],
          "identity_schema_version": 0
        }
      ]
    }
  ],
  "check_results": null
}
